
Microsoft Visual Studio Solution File, Format Version 12.00
# Visual Studio Version 16
VisualStudioVersion = 16.0.30114.105
MinimumVisualStudioVersion = 10.0.40219.1
Project("{FAE04EC0-301F-11D3-BF4B-00C04F79EFBC}") = "API", "API\API.csproj", "{9BB19D5C-E508-49A0-BF80-A6177686204C}"
EndProject
Project("{FAE04EC0-301F-11D3-BF4B-00C04F79EFBC}") = "Application", "Application\Application.csproj", "{9342AA58-4CA7-41BC-A9E4-776669A4109B}"
EndProject
Project("{FAE04EC0-301F-11D3-BF4B-00C04F79EFBC}") = "Persistence", "Persistence\Persistence.csproj", "{745316F0-A431-4ACE-8D2A-5BCBF0A78B74}"
EndProject
Project("{FAE04EC0-301F-11D3-BF4B-00C04F79EFBC}") = "Domain", "Domain\Domain.csproj", "{35E02D0A-CAC6-41F9-9D46-F77DF6231682}"
EndProject
Global
	GlobalSection(SolutionConfigurationPlatforms) = preSolution
		Debug|Any CPU = Debug|Any CPU
		Debug|x64 = Debug|x64
		Debug|x86 = Debug|x86
		Release|Any CPU = Release|Any CPU
		Release|x64 = Release|x64
		Release|x86 = Release|x86
	EndGlobalSection
	GlobalSection(SolutionProperties) = preSolution
		HideSolutionNode = FALSE
	EndGlobalSection
	GlobalSection(ProjectConfigurationPlatforms) = postSolution
		{9BB19D5C-E508-49A0-BF80-A6177686204C}.Debug|Any CPU.ActiveCfg = Debug|Any CPU
		{9BB19D5C-E508-49A0-BF80-A6177686204C}.Debug|Any CPU.Build.0 = Debug|Any CPU
		{9BB19D5C-E508-49A0-BF80-A6177686204C}.Debug|x64.ActiveCfg = Debug|Any CPU
		{9BB19D5C-E508-49A0-BF80-A6177686204C}.Debug|x64.Build.0 = Debug|Any CPU
		{9BB19D5C-E508-49A0-BF80-A6177686204C}.Debug|x86.ActiveCfg = Debug|Any CPU
		{9BB19D5C-E508-49A0-BF80-A6177686204C}.Debug|x86.Build.0 = Debug|Any CPU
		{9BB19D5C-E508-49A0-BF80-A6177686204C}.Release|Any CPU.ActiveCfg = Release|Any CPU
		{9BB19D5C-E508-49A0-BF80-A6177686204C}.Release|Any CPU.Build.0 = Release|Any CPU
		{9BB19D5C-E508-49A0-BF80-A6177686204C}.Release|x64.ActiveCfg = Release|Any CPU
		{9BB19D5C-E508-49A0-BF80-A6177686204C}.Release|x64.Build.0 = Release|Any CPU
		{9BB19D5C-E508-49A0-BF80-A6177686204C}.Release|x86.ActiveCfg = Release|Any CPU
		{9BB19D5C-E508-49A0-BF80-A6177686204C}.Release|x86.Build.0 = Release|Any CPU
		{9342AA58-4CA7-41BC-A9E4-776669A4109B}.Debug|Any CPU.ActiveCfg = Debug|Any CPU
		{9342AA58-4CA7-41BC-A9E4-776669A4109B}.Debug|Any CPU.Build.0 = Debug|Any CPU
		{9342AA58-4CA7-41BC-A9E4-776669A4109B}.Debug|x64.ActiveCfg = Debug|Any CPU
		{9342AA58-4CA7-41BC-A9E4-776669A4109B}.Debug|x64.Build.0 = Debug|Any CPU
		{9342AA58-4CA7-41BC-A9E4-776669A4109B}.Debug|x86.ActiveCfg = Debug|Any CPU
		{9342AA58-4CA7-41BC-A9E4-776669A4109B}.Debug|x86.Build.0 = Debug|Any CPU
		{9342AA58-4CA7-41BC-A9E4-776669A4109B}.Release|Any CPU.ActiveCfg = Release|Any CPU
		{9342AA58-4CA7-41BC-A9E4-776669A4109B}.Release|Any CPU.Build.0 = Release|Any CPU
		{9342AA58-4CA7-41BC-A9E4-776669A4109B}.Release|x64.ActiveCfg = Release|Any CPU
		{9342AA58-4CA7-41BC-A9E4-776669A4109B}.Release|x64.Build.0 = Release|Any CPU
		{9342AA58-4CA7-41BC-A9E4-776669A4109B}.Release|x86.ActiveCfg = Release|Any CPU
		{9342AA58-4CA7-41BC-A9E4-776669A4109B}.Release|x86.Build.0 = Release|Any CPU
		{745316F0-A431-4ACE-8D2A-5BCBF0A78B74}.Debug|Any CPU.ActiveCfg = Debug|Any CPU
		{745316F0-A431-4ACE-8D2A-5BCBF0A78B74}.Debug|Any CPU.Build.0 = Debug|Any CPU
		{745316F0-A431-4ACE-8D2A-5BCBF0A78B74}.Debug|x64.ActiveCfg = Debug|Any CPU
		{745316F0-A431-4ACE-8D2A-5BCBF0A78B74}.Debug|x64.Build.0 = Debug|Any CPU
		{745316F0-A431-4ACE-8D2A-5BCBF0A78B74}.Debug|x86.ActiveCfg = Debug|Any CPU
		{745316F0-A431-4ACE-8D2A-5BCBF0A78B74}.Debug|x86.Build.0 = Debug|Any CPU
		{745316F0-A431-4ACE-8D2A-5BCBF0A78B74}.Release|Any CPU.ActiveCfg = Release|Any CPU
		{745316F0-A431-4ACE-8D2A-5BCBF0A78B74}.Release|Any CPU.Build.0 = Release|Any CPU
		{745316F0-A431-4ACE-8D2A-5BCBF0A78B74}.Release|x64.ActiveCfg = Release|Any CPU
		{745316F0-A431-4ACE-8D2A-5BCBF0A78B74}.Release|x64.Build.0 = Release|Any CPU
		{745316F0-A431-4ACE-8D2A-5BCBF0A78B74}.Release|x86.ActiveCfg = Release|Any CPU
		{745316F0-A431-4ACE-8D2A-5BCBF0A78B74}.Release|x86.Build.0 = Release|Any CPU
		{35E02D0A-CAC6-41F9-9D46-F77DF6231682}.Debug|Any CPU.ActiveCfg = Debug|Any CPU
		{35E02D0A-CAC6-41F9-9D46-F77DF6231682}.Debug|Any CPU.Build.0 = Debug|Any CPU
		{35E02D0A-CAC6-41F9-9D46-F77DF6231682}.Debug|x64.ActiveCfg = Debug|Any CPU
		{35E02D0A-CAC6-41F9-9D46-F77DF6231682}.Debug|x64.Build.0 = Debug|Any CPU
		{35E02D0A-CAC6-41F9-9D46-F77DF6231682}.Debug|x86.ActiveCfg = Debug|Any CPU
		{35E02D0A-CAC6-41F9-9D46-F77DF6231682}.Debug|x86.Build.0 = Debug|Any CPU
		{35E02D0A-CAC6-41F9-9D46-F77DF6231682}.Release|Any CPU.ActiveCfg = Release|Any CPU
		{35E02D0A-CAC6-41F9-9D46-F77DF6231682}.Release|Any CPU.Build.0 = Release|Any CPU
		{35E02D0A-CAC6-41F9-9D46-F77DF6231682}.Release|x64.ActiveCfg = Release|Any CPU
		{35E02D0A-CAC6-41F9-9D46-F77DF6231682}.Release|x64.Build.0 = Release|Any CPU
		{35E02D0A-CAC6-41F9-9D46-F77DF6231682}.Release|x86.ActiveCfg = Release|Any CPU
		{35E02D0A-CAC6-41F9-9D46-F77DF6231682}.Release|x86.Build.0 = Release|Any CPU
	EndGlobalSection
EndGlobal
